
Microsoft Visual Studio Solution File, Format Version 12.00
# Visual Studio Version 17
VisualStudioVersion = 17.3.32929.385
MinimumVisualStudioVersion = 10.0.40219.1
Project("{FAE04EC0-301F-11D3-BF4B-00C04F79EFBC}") = "ApiBank", "ApiBank\ApiBank.csproj", "{C106561C-CDE6-4F04-A5B6-612B363576BC}"
EndProject
Global
	GlobalSection(SolutionConfigurationPlatforms) = preSolution
		Debug|Any CPU = Debug|Any CPU
		Release|Any CPU = Release|Any CPU
	EndGlobalSection
	GlobalSection(ProjectConfigurationPlatforms) = postSolution
		{C106561C-CDE6-4F04-A5B6-612B363576BC}.Debug|Any CPU.ActiveCfg = Debug|Any CPU
		{C106561C-CDE6-4F04-A5B6-612B363576BC}.Debug|Any CPU.Build.0 = Debug|Any CPU
		{C106561C-CDE6-4F04-A5B6-612B363576BC}.Release|Any CPU.ActiveCfg = Release|Any CPU
		{C106561C-CDE6-4F04-A5B6-612B363576BC}.Release|Any CPU.Build.0 = Release|Any CPU
	EndGlobalSection
	GlobalSection(SolutionProperties) = preSolution
		HideSolutionNode = FALSE
	EndGlobalSection
	GlobalSection(ExtensibilityGlobals) = postSolution
		SolutionGuid = {03341CC8-6E8D-4D70-B5E4-6048624F87AB}
	EndGlobalSection
EndGlobal
